
Microsoft Visual Studio Solution File, Format Version 12.00
# Visual Studio Version 16
VisualStudioVersion = 16.0.34407.143
MinimumVisualStudioVersion = 10.0.40219.1
Project("{F184B08F-C81C-45F6-A57F-5ABD9991F28F}") = "4 ES UN NUMERO PRIMO", "4 ES UN NUMERO PRIMO\4 ES UN NUMERO PRIMO.vbproj", "{18F37F0C-85CF-4841-B5DB-8C34DB8D7B2F}"
EndProject
Global
	GlobalSection(SolutionConfigurationPlatforms) = preSolution
		Debug|Any CPU = Debug|Any CPU
		Release|Any CPU = Release|Any CPU
	EndGlobalSection
	GlobalSection(ProjectConfigurationPlatforms) = postSolution
		{18F37F0C-85CF-4841-B5DB-8C34DB8D7B2F}.Debug|Any CPU.ActiveCfg = Debug|Any CPU
		{18F37F0C-85CF-4841-B5DB-8C34DB8D7B2F}.Debug|Any CPU.Build.0 = Debug|Any CPU
		{18F37F0C-85CF-4841-B5DB-8C34DB8D7B2F}.Release|Any CPU.ActiveCfg = Release|Any CPU
		{18F37F0C-85CF-4841-B5DB-8C34DB8D7B2F}.Release|Any CPU.Build.0 = Release|Any CPU
	EndGlobalSection
	GlobalSection(SolutionProperties) = preSolution
		HideSolutionNode = FALSE
	EndGlobalSection
	GlobalSection(ExtensibilityGlobals) = postSolution
		SolutionGuid = {55BB4F93-D86E-409C-B946-519BED52D12D}
	EndGlobalSection
EndGlobal
